
Microsoft Visual Studio Solution File, Format Version 12.00
# Visual Studio Version 16
VisualStudioVersion = 16.0.29920.165
MinimumVisualStudioVersion = 10.0.40219.1
Project("{FAE04EC0-301F-11D3-BF4B-00C04F79EFBC}") = "Zad3", "Zad3\Zad3.csproj", "{6C1DA4E8-C1C3-4439-866F-3DA35A334D2D}"
EndProject
Global
	GlobalSection(SolutionConfigurationPlatforms) = preSolution
		Debug|Any CPU = Debug|Any CPU
		Release|Any CPU = Release|Any CPU
	EndGlobalSection
	GlobalSection(ProjectConfigurationPlatforms) = postSolution
		{6C1DA4E8-C1C3-4439-866F-3DA35A334D2D}.Debug|Any CPU.ActiveCfg = Debug|Any CPU
		{6C1DA4E8-C1C3-4439-866F-3DA35A334D2D}.Debug|Any CPU.Build.0 = Debug|Any CPU
		{6C1DA4E8-C1C3-4439-866F-3DA35A334D2D}.Release|Any CPU.ActiveCfg = Release|Any CPU
		{6C1DA4E8-C1C3-4439-866F-3DA35A334D2D}.Release|Any CPU.Build.0 = Release|Any CPU
	EndGlobalSection
	GlobalSection(SolutionProperties) = preSolution
		HideSolutionNode = FALSE
	EndGlobalSection
	GlobalSection(ExtensibilityGlobals) = postSolution
		SolutionGuid = {C9E1934E-33E0-40B9-9D66-31C9CB281221}
	EndGlobalSection
EndGlobal
